
Microsoft Visual Studio Solution File, Format Version 12.00
# Visual Studio 15
VisualStudioVersion = 15.0.27130.2027
MinimumVisualStudioVersion = 10.0.40219.1
Project("{FAE04EC0-301F-11D3-BF4B-00C04F79EFBC}") = "TestBlogAPI", "TestBlogAPI\TestBlogAPI.csproj", "{E2F6B4D3-D24A-4CE4-9298-1CF49724B9FA}"
EndProject
Global
	GlobalSection(SolutionConfigurationPlatforms) = preSolution
		Debug|Any CPU = Debug|Any CPU
		Release|Any CPU = Release|Any CPU
	EndGlobalSection
	GlobalSection(ProjectConfigurationPlatforms) = postSolution
		{E2F6B4D3-D24A-4CE4-9298-1CF49724B9FA}.Debug|Any CPU.ActiveCfg = Debug|Any CPU
		{E2F6B4D3-D24A-4CE4-9298-1CF49724B9FA}.Debug|Any CPU.Build.0 = Debug|Any CPU
		{E2F6B4D3-D24A-4CE4-9298-1CF49724B9FA}.Release|Any CPU.ActiveCfg = Release|Any CPU
		{E2F6B4D3-D24A-4CE4-9298-1CF49724B9FA}.Release|Any CPU.Build.0 = Release|Any CPU
	EndGlobalSection
	GlobalSection(SolutionProperties) = preSolution
		HideSolutionNode = FALSE
	EndGlobalSection
	GlobalSection(ExtensibilityGlobals) = postSolution
		SolutionGuid = {D977F479-644F-49BC-B825-50E1DD10A4F1}
	EndGlobalSection
EndGlobal
